
Microsoft Visual Studio Solution File, Format Version 12.00
# Visual Studio 2012
Project("{2150E333-8FDC-42A3-9474-1A3956D46DE8}") = "Chapter 1", "Chapter 1", "{188592B0-18A3-403F-9A52-37F676EE1019}"
EndProject
Project("{FAE04EC0-301F-11D3-BF4B-00C04F79EFBC}") = "SayHello", "SayHello\SayHello.csproj", "{79EAF42E-A808-4FAB-9CD1-D55895C0C251}"
EndProject
Project("{FAE04EC0-301F-11D3-BF4B-00C04F79EFBC}") = "HandleAndEvent", "HandleAndEvent\HandleAndEvent.csproj", "{1DB5FA03-93C3-4720-ADDA-2A4235926647}"
EndProject
Project("{FAE04EC0-301F-11D3-BF4B-00C04F79EFBC}") = "InheriTheApp", "InheriTheApp\InheriTheApp.csproj", "{64090AE3-CC3D-47A1-B383-70AB4938839C}"
EndProject
Project("{FAE04EC0-301F-11D3-BF4B-00C04F79EFBC}") = "ThrowWindowParty", "ThrowWindowParty\ThrowWindowParty.csproj", "{109B1089-C033-433B-B5DE-EBF08697CD05}"
EndProject
Project("{FAE04EC0-301F-11D3-BF4B-00C04F79EFBC}") = "InheritAppAndWindow", "InheritAppAndWindow\InheritAppAndWindow.csproj", "{C49034D3-A8E2-40DD-A9D2-D6DD704D18E1}"
EndProject
Project("{FAE04EC0-301F-11D3-BF4B-00C04F79EFBC}") = "InheritTheWin", "InheritTheWin\InheritTheWin.csproj", "{1BCC2C35-6AE0-47E5-B6EB-CB8B70F2CCE6}"
EndProject
Project("{FAE04EC0-301F-11D3-BF4B-00C04F79EFBC}") = "GrowAndShrink", "GrowAndShrink\GrowAndShrink.csproj", "{F2C7B75E-0BB8-44E7-BA86-D1943271EB05}"
EndProject
Project("{FAE04EC0-301F-11D3-BF4B-00C04F79EFBC}") = "TypeYourTitle", "TypeYourTitle\TypeYourTitle.csproj", "{12D83BBC-F892-4F92-982B-2CF190518C6E}"
EndProject
Project("{2150E333-8FDC-42A3-9474-1A3956D46DE8}") = "Chapter 2", "Chapter 2", "{F28249DD-9DD0-438E-9AD0-5C662B593D91}"
EndProject
Project("{FAE04EC0-301F-11D3-BF4B-00C04F79EFBC}") = "VaryTheBackground", "VaryTheBackground\VaryTheBackground.csproj", "{82C3AAEE-2B6F-4123-BDF3-5AE6AE967F4F}"
EndProject
Project("{FAE04EC0-301F-11D3-BF4B-00C04F79EFBC}") = "FlipThroughTheBrushes", "FlipThroughTheBrushes\FlipThroughTheBrushes.csproj", "{75A0A2DC-46A3-4647-9B14-562854DA7D9C}"
EndProject
Project("{FAE04EC0-301F-11D3-BF4B-00C04F79EFBC}") = "GradientTheBrush", "GradientTheBrush\GradientTheBrush.csproj", "{68F6AE34-FBA0-4EA6-9270-97343FA8A781}"
EndProject
Project("{FAE04EC0-301F-11D3-BF4B-00C04F79EFBC}") = "AdjustTheGradient", "AdjustTheGradient\AdjustTheGradient.csproj", "{A72BD5C3-E606-4C2F-96F6-8F875C301B7A}"
EndProject
Project("{FAE04EC0-301F-11D3-BF4B-00C04F79EFBC}") = "FollowTheRainbow", "FollowTheRainbow\FollowTheRainbow.csproj", "{36360E91-79DF-4C21-A9F5-A0C6C0D3511B}"
EndProject
Project("{FAE04EC0-301F-11D3-BF4B-00C04F79EFBC}") = "CircleTheRainbow", "CircleTheRainbow\CircleTheRainbow.csproj", "{E63446ED-F3E6-490A-93A1-1138242C9622}"
EndProject
Project("{FAE04EC0-301F-11D3-BF4B-00C04F79EFBC}") = "ClickTheGradientCenter", "ClickTheGradientCenter\ClickTheGradientCenter.csproj", "{0B03EB87-A16E-4410-ADF0-5C34BA3C6C3E}"
EndProject
Project("{FAE04EC0-301F-11D3-BF4B-00C04F79EFBC}") = "RotateTheGradientOrigin", "RotateTheGradientOrigin\RotateTheGradientOrigin.csproj", "{A14CDEAB-6B52-4A44-B663-D53457C5FD71}"
EndProject
Project("{2150E333-8FDC-42A3-9474-1A3956D46DE8}") = "Chapter 3", "Chapter 3", "{1B4FEAFF-8569-4CF2-9088-6E05B16C281B}"
EndProject
Project("{FAE04EC0-301F-11D3-BF4B-00C04F79EFBC}") = "DisplaySomeText", "DisplaySomeText\DisplaySomeText.csproj", "{DF732A29-A9ED-417A-82A9-E9AB47AAE1CE}"
EndProject
Project("{FAE04EC0-301F-11D3-BF4B-00C04F79EFBC}") = "RecordKeyStrokes", "RecordKeyStrokes\RecordKeyStrokes.csproj", "{71E5E847-9BA2-463E-8AC6-A38B3D48C9F8}"
EndProject
Project("{FAE04EC0-301F-11D3-BF4B-00C04F79EFBC}") = "ShowMyFace", "ShowMyFace\ShowMyFace.csproj", "{D3B9BF86-F9EE-4E91-8C9E-30C425DFC1E0}"
EndProject
Project("{FAE04EC0-301F-11D3-BF4B-00C04F79EFBC}") = "ShapeAndEllipse", "ShapeAndEllipse\ShapeAndEllipse.csproj", "{B10000DE-00A6-4C4A-B952-6DEC512FAB7F}"
EndProject
Project("{FAE04EC0-301F-11D3-BF4B-00C04F79EFBC}") = "FormatTheText", "FormatTheText\FormatTheText.csproj", "{B70DFF5D-B32C-4318-9C8B-B649D0B0EA3E}"
EndProject
Global
	GlobalSection(SolutionConfigurationPlatforms) = preSolution
		Debug|Any CPU = Debug|Any CPU
		Release|Any CPU = Release|Any CPU
	EndGlobalSection
	GlobalSection(ProjectConfigurationPlatforms) = postSolution
		{79EAF42E-A808-4FAB-9CD1-D55895C0C251}.Debug|Any CPU.ActiveCfg = Debug|Any CPU
		{79EAF42E-A808-4FAB-9CD1-D55895C0C251}.Debug|Any CPU.Build.0 = Debug|Any CPU
		{79EAF42E-A808-4FAB-9CD1-D55895C0C251}.Release|Any CPU.ActiveCfg = Release|Any CPU
		{79EAF42E-A808-4FAB-9CD1-D55895C0C251}.Release|Any CPU.Build.0 = Release|Any CPU
		{1DB5FA03-93C3-4720-ADDA-2A4235926647}.Debug|Any CPU.ActiveCfg = Debug|Any CPU
		{1DB5FA03-93C3-4720-ADDA-2A4235926647}.Debug|Any CPU.Build.0 = Debug|Any CPU
		{1DB5FA03-93C3-4720-ADDA-2A4235926647}.Release|Any CPU.ActiveCfg = Release|Any CPU
		{1DB5FA03-93C3-4720-ADDA-2A4235926647}.Release|Any CPU.Build.0 = Release|Any CPU
		{64090AE3-CC3D-47A1-B383-70AB4938839C}.Debug|Any CPU.ActiveCfg = Debug|Any CPU
		{64090AE3-CC3D-47A1-B383-70AB4938839C}.Debug|Any CPU.Build.0 = Debug|Any CPU
		{64090AE3-CC3D-47A1-B383-70AB4938839C}.Release|Any CPU.ActiveCfg = Release|Any CPU
		{64090AE3-CC3D-47A1-B383-70AB4938839C}.Release|Any CPU.Build.0 = Release|Any CPU
		{109B1089-C033-433B-B5DE-EBF08697CD05}.Debug|Any CPU.ActiveCfg = Debug|Any CPU
		{109B1089-C033-433B-B5DE-EBF08697CD05}.Debug|Any CPU.Build.0 = Debug|Any CPU
		{109B1089-C033-433B-B5DE-EBF08697CD05}.Release|Any CPU.ActiveCfg = Release|Any CPU
		{109B1089-C033-433B-B5DE-EBF08697CD05}.Release|Any CPU.Build.0 = Release|Any CPU
		{C49034D3-A8E2-40DD-A9D2-D6DD704D18E1}.Debug|Any CPU.ActiveCfg = Debug|Any CPU
		{C49034D3-A8E2-40DD-A9D2-D6DD704D18E1}.Debug|Any CPU.Build.0 = Debug|Any CPU
		{C49034D3-A8E2-40DD-A9D2-D6DD704D18E1}.Release|Any CPU.ActiveCfg = Release|Any CPU
		{C49034D3-A8E2-40DD-A9D2-D6DD704D18E1}.Release|Any CPU.Build.0 = Release|Any CPU
		{1BCC2C35-6AE0-47E5-B6EB-CB8B70F2CCE6}.Debug|Any CPU.ActiveCfg = Debug|Any CPU
		{1BCC2C35-6AE0-47E5-B6EB-CB8B70F2CCE6}.Debug|Any CPU.Build.0 = Debug|Any CPU
		{1BCC2C35-6AE0-47E5-B6EB-CB8B70F2CCE6}.Release|Any CPU.ActiveCfg = Release|Any CPU
		{1BCC2C35-6AE0-47E5-B6EB-CB8B70F2CCE6}.Release|Any CPU.Build.0 = Release|Any CPU
		{F2C7B75E-0BB8-44E7-BA86-D1943271EB05}.Debug|Any CPU.ActiveCfg = Debug|Any CPU
		{F2C7B75E-0BB8-44E7-BA86-D1943271EB05}.Debug|Any CPU.Build.0 = Debug|Any CPU
		{F2C7B75E-0BB8-44E7-BA86-D1943271EB05}.Release|Any CPU.ActiveCfg = Release|Any CPU
		{F2C7B75E-0BB8-44E7-BA86-D1943271EB05}.Release|Any CPU.Build.0 = Release|Any CPU
		{12D83BBC-F892-4F92-982B-2CF190518C6E}.Debug|Any CPU.ActiveCfg = Debug|Any CPU
		{12D83BBC-F892-4F92-982B-2CF190518C6E}.Debug|Any CPU.Build.0 = Debug|Any CPU
		{12D83BBC-F892-4F92-982B-2CF190518C6E}.Release|Any CPU.ActiveCfg = Release|Any CPU
		{12D83BBC-F892-4F92-982B-2CF190518C6E}.Release|Any CPU.Build.0 = Release|Any CPU
		{82C3AAEE-2B6F-4123-BDF3-5AE6AE967F4F}.Debug|Any CPU.ActiveCfg = Debug|Any CPU
		{82C3AAEE-2B6F-4123-BDF3-5AE6AE967F4F}.Debug|Any CPU.Build.0 = Debug|Any CPU
		{82C3AAEE-2B6F-4123-BDF3-5AE6AE967F4F}.Release|Any CPU.ActiveCfg = Release|Any CPU
		{82C3AAEE-2B6F-4123-BDF3-5AE6AE967F4F}.Release|Any CPU.Build.0 = Release|Any CPU
		{75A0A2DC-46A3-4647-9B14-562854DA7D9C}.Debug|Any CPU.ActiveCfg = Debug|Any CPU
		{75A0A2DC-46A3-4647-9B14-562854DA7D9C}.Debug|Any CPU.Build.0 = Debug|Any CPU
		{75A0A2DC-46A3-4647-9B14-562854DA7D9C}.Release|Any CPU.ActiveCfg = Release|Any CPU
		{75A0A2DC-46A3-4647-9B14-562854DA7D9C}.Release|Any CPU.Build.0 = Release|Any CPU
		{68F6AE34-FBA0-4EA6-9270-97343FA8A781}.Debug|Any CPU.ActiveCfg = Debug|Any CPU
		{68F6AE34-FBA0-4EA6-9270-97343FA8A781}.Debug|Any CPU.Build.0 = Debug|Any CPU
		{68F6AE34-FBA0-4EA6-9270-97343FA8A781}.Release|Any CPU.ActiveCfg = Release|Any CPU
		{68F6AE34-FBA0-4EA6-9270-97343FA8A781}.Release|Any CPU.Build.0 = Release|Any CPU
		{A72BD5C3-E606-4C2F-96F6-8F875C301B7A}.Debug|Any CPU.ActiveCfg = Debug|Any CPU
		{A72BD5C3-E606-4C2F-96F6-8F875C301B7A}.Debug|Any CPU.Build.0 = Debug|Any CPU
		{A72BD5C3-E606-4C2F-96F6-8F875C301B7A}.Release|Any CPU.ActiveCfg = Release|Any CPU
		{A72BD5C3-E606-4C2F-96F6-8F875C301B7A}.Release|Any CPU.Build.0 = Release|Any CPU
		{36360E91-79DF-4C21-A9F5-A0C6C0D3511B}.Debug|Any CPU.ActiveCfg = Debug|Any CPU
		{36360E91-79DF-4C21-A9F5-A0C6C0D3511B}.Debug|Any CPU.Build.0 = Debug|Any CPU
		{36360E91-79DF-4C21-A9F5-A0C6C0D3511B}.Release|Any CPU.ActiveCfg = Release|Any CPU
		{36360E91-79DF-4C21-A9F5-A0C6C0D3511B}.Release|Any CPU.Build.0 = Release|Any CPU
		{E63446ED-F3E6-490A-93A1-1138242C9622}.Debug|Any CPU.ActiveCfg = Debug|Any CPU
		{E63446ED-F3E6-490A-93A1-1138242C9622}.Debug|Any CPU.Build.0 = Debug|Any CPU
		{E63446ED-F3E6-490A-93A1-1138242C9622}.Release|Any CPU.ActiveCfg = Release|Any CPU
		{E63446ED-F3E6-490A-93A1-1138242C9622}.Release|Any CPU.Build.0 = Release|Any CPU
		{0B03EB87-A16E-4410-ADF0-5C34BA3C6C3E}.Debug|Any CPU.ActiveCfg = Debug|Any CPU
		{0B03EB87-A16E-4410-ADF0-5C34BA3C6C3E}.Debug|Any CPU.Build.0 = Debug|Any CPU
		{0B03EB87-A16E-4410-ADF0-5C34BA3C6C3E}.Release|Any CPU.ActiveCfg = Release|Any CPU
		{0B03EB87-A16E-4410-ADF0-5C34BA3C6C3E}.Release|Any CPU.Build.0 = Release|Any CPU
		{A14CDEAB-6B52-4A44-B663-D53457C5FD71}.Debug|Any CPU.ActiveCfg = Debug|Any CPU
		{A14CDEAB-6B52-4A44-B663-D53457C5FD71}.Debug|Any CPU.Build.0 = Debug|Any CPU
		{A14CDEAB-6B52-4A44-B663-D53457C5FD71}.Release|Any CPU.ActiveCfg = Release|Any CPU
		{A14CDEAB-6B52-4A44-B663-D53457C5FD71}.Release|Any CPU.Build.0 = Release|Any CPU
		{DF732A29-A9ED-417A-82A9-E9AB47AAE1CE}.Debug|Any CPU.ActiveCfg = Debug|Any CPU
		{DF732A29-A9ED-417A-82A9-E9AB47AAE1CE}.Debug|Any CPU.Build.0 = Debug|Any CPU
		{DF732A29-A9ED-417A-82A9-E9AB47AAE1CE}.Release|Any CPU.ActiveCfg = Release|Any CPU
		{DF732A29-A9ED-417A-82A9-E9AB47AAE1CE}.Release|Any CPU.Build.0 = Release|Any CPU
		{71E5E847-9BA2-463E-8AC6-A38B3D48C9F8}.Debug|Any CPU.ActiveCfg = Debug|Any CPU
		{71E5E847-9BA2-463E-8AC6-A38B3D48C9F8}.Debug|Any CPU.Build.0 = Debug|Any CPU
		{71E5E847-9BA2-463E-8AC6-A38B3D48C9F8}.Release|Any CPU.ActiveCfg = Release|Any CPU
		{71E5E847-9BA2-463E-8AC6-A38B3D48C9F8}.Release|Any CPU.Build.0 = Release|Any CPU
		{D3B9BF86-F9EE-4E91-8C9E-30C425DFC1E0}.Debug|Any CPU.ActiveCfg = Debug|Any CPU
		{D3B9BF86-F9EE-4E91-8C9E-30C425DFC1E0}.Debug|Any CPU.Build.0 = Debug|Any CPU
		{D3B9BF86-F9EE-4E91-8C9E-30C425DFC1E0}.Release|Any CPU.ActiveCfg = Release|Any CPU
		{D3B9BF86-F9EE-4E91-8C9E-30C425DFC1E0}.Release|Any CPU.Build.0 = Release|Any CPU
		{B10000DE-00A6-4C4A-B952-6DEC512FAB7F}.Debug|Any CPU.ActiveCfg = Debug|Any CPU
		{B10000DE-00A6-4C4A-B952-6DEC512FAB7F}.Debug|Any CPU.Build.0 = Debug|Any CPU
		{B10000DE-00A6-4C4A-B952-6DEC512FAB7F}.Release|Any CPU.ActiveCfg = Release|Any CPU
		{B10000DE-00A6-4C4A-B952-6DEC512FAB7F}.Release|Any CPU.Build.0 = Release|Any CPU
		{B70DFF5D-B32C-4318-9C8B-B649D0B0EA3E}.Debug|Any CPU.ActiveCfg = Debug|Any CPU
		{B70DFF5D-B32C-4318-9C8B-B649D0B0EA3E}.Debug|Any CPU.Build.0 = Debug|Any CPU
		{B70DFF5D-B32C-4318-9C8B-B649D0B0EA3E}.Release|Any CPU.ActiveCfg = Release|Any CPU
		{B70DFF5D-B32C-4318-9C8B-B649D0B0EA3E}.Release|Any CPU.Build.0 = Release|Any CPU
	EndGlobalSection
	GlobalSection(SolutionProperties) = preSolution
		HideSolutionNode = FALSE
	EndGlobalSection
	GlobalSection(NestedProjects) = preSolution
		{79EAF42E-A808-4FAB-9CD1-D55895C0C251} = {188592B0-18A3-403F-9A52-37F676EE1019}
		{1DB5FA03-93C3-4720-ADDA-2A4235926647} = {188592B0-18A3-403F-9A52-37F676EE1019}
		{64090AE3-CC3D-47A1-B383-70AB4938839C} = {188592B0-18A3-403F-9A52-37F676EE1019}
		{109B1089-C033-433B-B5DE-EBF08697CD05} = {188592B0-18A3-403F-9A52-37F676EE1019}
		{C49034D3-A8E2-40DD-A9D2-D6DD704D18E1} = {188592B0-18A3-403F-9A52-37F676EE1019}
		{1BCC2C35-6AE0-47E5-B6EB-CB8B70F2CCE6} = {188592B0-18A3-403F-9A52-37F676EE1019}
		{F2C7B75E-0BB8-44E7-BA86-D1943271EB05} = {188592B0-18A3-403F-9A52-37F676EE1019}
		{12D83BBC-F892-4F92-982B-2CF190518C6E} = {188592B0-18A3-403F-9A52-37F676EE1019}
		{82C3AAEE-2B6F-4123-BDF3-5AE6AE967F4F} = {F28249DD-9DD0-438E-9AD0-5C662B593D91}
		{75A0A2DC-46A3-4647-9B14-562854DA7D9C} = {F28249DD-9DD0-438E-9AD0-5C662B593D91}
		{68F6AE34-FBA0-4EA6-9270-97343FA8A781} = {F28249DD-9DD0-438E-9AD0-5C662B593D91}
		{A72BD5C3-E606-4C2F-96F6-8F875C301B7A} = {F28249DD-9DD0-438E-9AD0-5C662B593D91}
		{36360E91-79DF-4C21-A9F5-A0C6C0D3511B} = {F28249DD-9DD0-438E-9AD0-5C662B593D91}
		{E63446ED-F3E6-490A-93A1-1138242C9622} = {F28249DD-9DD0-438E-9AD0-5C662B593D91}
		{0B03EB87-A16E-4410-ADF0-5C34BA3C6C3E} = {F28249DD-9DD0-438E-9AD0-5C662B593D91}
		{A14CDEAB-6B52-4A44-B663-D53457C5FD71} = {F28249DD-9DD0-438E-9AD0-5C662B593D91}
		{DF732A29-A9ED-417A-82A9-E9AB47AAE1CE} = {1B4FEAFF-8569-4CF2-9088-6E05B16C281B}
		{71E5E847-9BA2-463E-8AC6-A38B3D48C9F8} = {1B4FEAFF-8569-4CF2-9088-6E05B16C281B}
		{D3B9BF86-F9EE-4E91-8C9E-30C425DFC1E0} = {1B4FEAFF-8569-4CF2-9088-6E05B16C281B}
		{B10000DE-00A6-4C4A-B952-6DEC512FAB7F} = {1B4FEAFF-8569-4CF2-9088-6E05B16C281B}
		{B70DFF5D-B32C-4318-9C8B-B649D0B0EA3E} = {1B4FEAFF-8569-4CF2-9088-6E05B16C281B}
	EndGlobalSection
EndGlobal
