
Microsoft Visual Studio Solution File, Format Version 12.00
# Visual Studio 2012
Project("{2150E333-8FDC-42A3-9474-1A3956D46DE8}") = "Chapter 1", "Chapter 1", "{188592B0-18A3-403F-9A52-37F676EE1019}"
EndProject
Project("{FAE04EC0-301F-11D3-BF4B-00C04F79EFBC}") = "SayHello", "SayHello\SayHello.csproj", "{79EAF42E-A808-4FAB-9CD1-D55895C0C251}"
EndProject
Project("{FAE04EC0-301F-11D3-BF4B-00C04F79EFBC}") = "HandleAndEvent", "HandleAndEvent\HandleAndEvent.csproj", "{1DB5FA03-93C3-4720-ADDA-2A4235926647}"
EndProject
Project("{FAE04EC0-301F-11D3-BF4B-00C04F79EFBC}") = "InheriTheApp", "InheriTheApp\InheriTheApp.csproj", "{64090AE3-CC3D-47A1-B383-70AB4938839C}"
EndProject
Project("{FAE04EC0-301F-11D3-BF4B-00C04F79EFBC}") = "ThrowWindowParty", "ThrowWindowParty\ThrowWindowParty.csproj", "{109B1089-C033-433B-B5DE-EBF08697CD05}"
EndProject
Project("{FAE04EC0-301F-11D3-BF4B-00C04F79EFBC}") = "InheritAppAndWindow", "InheritAppAndWindow\InheritAppAndWindow.csproj", "{C49034D3-A8E2-40DD-A9D2-D6DD704D18E1}"
EndProject
Project("{FAE04EC0-301F-11D3-BF4B-00C04F79EFBC}") = "InheritTheWin", "InheritTheWin\InheritTheWin.csproj", "{1BCC2C35-6AE0-47E5-B6EB-CB8B70F2CCE6}"
EndProject
Global
	GlobalSection(SolutionConfigurationPlatforms) = preSolution
		Debug|Any CPU = Debug|Any CPU
		Release|Any CPU = Release|Any CPU
	EndGlobalSection
	GlobalSection(ProjectConfigurationPlatforms) = postSolution
		{79EAF42E-A808-4FAB-9CD1-D55895C0C251}.Debug|Any CPU.ActiveCfg = Debug|Any CPU
		{79EAF42E-A808-4FAB-9CD1-D55895C0C251}.Debug|Any CPU.Build.0 = Debug|Any CPU
		{79EAF42E-A808-4FAB-9CD1-D55895C0C251}.Release|Any CPU.ActiveCfg = Release|Any CPU
		{79EAF42E-A808-4FAB-9CD1-D55895C0C251}.Release|Any CPU.Build.0 = Release|Any CPU
		{1DB5FA03-93C3-4720-ADDA-2A4235926647}.Debug|Any CPU.ActiveCfg = Debug|Any CPU
		{1DB5FA03-93C3-4720-ADDA-2A4235926647}.Debug|Any CPU.Build.0 = Debug|Any CPU
		{1DB5FA03-93C3-4720-ADDA-2A4235926647}.Release|Any CPU.ActiveCfg = Release|Any CPU
		{1DB5FA03-93C3-4720-ADDA-2A4235926647}.Release|Any CPU.Build.0 = Release|Any CPU
		{64090AE3-CC3D-47A1-B383-70AB4938839C}.Debug|Any CPU.ActiveCfg = Debug|Any CPU
		{64090AE3-CC3D-47A1-B383-70AB4938839C}.Debug|Any CPU.Build.0 = Debug|Any CPU
		{64090AE3-CC3D-47A1-B383-70AB4938839C}.Release|Any CPU.ActiveCfg = Release|Any CPU
		{64090AE3-CC3D-47A1-B383-70AB4938839C}.Release|Any CPU.Build.0 = Release|Any CPU
		{109B1089-C033-433B-B5DE-EBF08697CD05}.Debug|Any CPU.ActiveCfg = Debug|Any CPU
		{109B1089-C033-433B-B5DE-EBF08697CD05}.Debug|Any CPU.Build.0 = Debug|Any CPU
		{109B1089-C033-433B-B5DE-EBF08697CD05}.Release|Any CPU.ActiveCfg = Release|Any CPU
		{109B1089-C033-433B-B5DE-EBF08697CD05}.Release|Any CPU.Build.0 = Release|Any CPU
		{C49034D3-A8E2-40DD-A9D2-D6DD704D18E1}.Debug|Any CPU.ActiveCfg = Debug|Any CPU
		{C49034D3-A8E2-40DD-A9D2-D6DD704D18E1}.Debug|Any CPU.Build.0 = Debug|Any CPU
		{C49034D3-A8E2-40DD-A9D2-D6DD704D18E1}.Release|Any CPU.ActiveCfg = Release|Any CPU
		{C49034D3-A8E2-40DD-A9D2-D6DD704D18E1}.Release|Any CPU.Build.0 = Release|Any CPU
		{1BCC2C35-6AE0-47E5-B6EB-CB8B70F2CCE6}.Debug|Any CPU.ActiveCfg = Debug|Any CPU
		{1BCC2C35-6AE0-47E5-B6EB-CB8B70F2CCE6}.Debug|Any CPU.Build.0 = Debug|Any CPU
		{1BCC2C35-6AE0-47E5-B6EB-CB8B70F2CCE6}.Release|Any CPU.ActiveCfg = Release|Any CPU
		{1BCC2C35-6AE0-47E5-B6EB-CB8B70F2CCE6}.Release|Any CPU.Build.0 = Release|Any CPU
	EndGlobalSection
	GlobalSection(SolutionProperties) = preSolution
		HideSolutionNode = FALSE
	EndGlobalSection
	GlobalSection(NestedProjects) = preSolution
		{79EAF42E-A808-4FAB-9CD1-D55895C0C251} = {188592B0-18A3-403F-9A52-37F676EE1019}
		{1DB5FA03-93C3-4720-ADDA-2A4235926647} = {188592B0-18A3-403F-9A52-37F676EE1019}
		{64090AE3-CC3D-47A1-B383-70AB4938839C} = {188592B0-18A3-403F-9A52-37F676EE1019}
		{109B1089-C033-433B-B5DE-EBF08697CD05} = {188592B0-18A3-403F-9A52-37F676EE1019}
		{C49034D3-A8E2-40DD-A9D2-D6DD704D18E1} = {188592B0-18A3-403F-9A52-37F676EE1019}
		{1BCC2C35-6AE0-47E5-B6EB-CB8B70F2CCE6} = {188592B0-18A3-403F-9A52-37F676EE1019}
	EndGlobalSection
EndGlobal
